
Microsoft Visual Studio Solution File, Format Version 12.00
# Visual Studio Version 17
VisualStudioVersion = 17.5.33414.496
MinimumVisualStudioVersion = 10.0.40219.1
Project("{FAE04EC0-301F-11D3-BF4B-00C04F79EFBC}") = "userCRUDAPI", "userCRUDAPI.csproj", "{90F46ED6-06A9-466E-BDF8-BE3C1393BD7B}"
EndProject
Global
	GlobalSection(SolutionConfigurationPlatforms) = preSolution
		Debug|Any CPU = Debug|Any CPU
		Release|Any CPU = Release|Any CPU
	EndGlobalSection
	GlobalSection(ProjectConfigurationPlatforms) = postSolution
		{90F46ED6-06A9-466E-BDF8-BE3C1393BD7B}.Debug|Any CPU.ActiveCfg = Debug|Any CPU
		{90F46ED6-06A9-466E-BDF8-BE3C1393BD7B}.Debug|Any CPU.Build.0 = Debug|Any CPU
		{90F46ED6-06A9-466E-BDF8-BE3C1393BD7B}.Release|Any CPU.ActiveCfg = Release|Any CPU
		{90F46ED6-06A9-466E-BDF8-BE3C1393BD7B}.Release|Any CPU.Build.0 = Release|Any CPU
	EndGlobalSection
	GlobalSection(SolutionProperties) = preSolution
		HideSolutionNode = FALSE
	EndGlobalSection
	GlobalSection(ExtensibilityGlobals) = postSolution
		SolutionGuid = {7833DB82-DC39-4169-8BCC-7264B5A0518E}
	EndGlobalSection
EndGlobal
